Microsoft Visual Studio Solution File, Format Version 11.00
# Visual Studio 2013
Project("{B0AE04DC-AF85-BF54-71DD-C8C68E585B62}") = "Chapter03_04", "Chapter03_04.vcxproj", "{90108A3F-8329-63A2-138F-DFAEC1C07A2F}"
EndProject
Global
	GlobalSection(SolutionConfigurationPlatforms) = preSolution
		Debug|Win32 = Debug|Win32
		Release|Win32 = Release|Win32
	EndGlobalSection
	GlobalSection(ProjectConfigurationPlatforms) = postSolution
		{90108A3F-8329-63A2-138F-DFAEC1C07A2F}.Debug|Win32.ActiveCfg = Debug|Win32
		{90108A3F-8329-63A2-138F-DFAEC1C07A2F}.Debug|Win32.Build.0 = Debug|Win32
		{90108A3F-8329-63A2-138F-DFAEC1C07A2F}.Release|Win32.ActiveCfg = Release|Win32
		{90108A3F-8329-63A2-138F-DFAEC1C07A2F}.Release|Win32.Build.0 = Release|Win32
	EndGlobalSection
	GlobalSection(SolutionProperties) = preSolution
		HideSolutionNode = FALSE
	EndGlobalSection
EndGlobal
