Microsoft Visual Studio Solution File, Format Version 11.00
# Visual Studio 2013
Project("{E9AAD5D6-76E6-3E61-163F-5B162009A0DE}") = "Chapter02_06", "Chapter02_06.vcxproj", "{ACD2F0EE-DC9D-B1E7-FB78-EACA2A6F12E8}"
EndProject
Global
	GlobalSection(SolutionConfigurationPlatforms) = preSolution
		Debug|Win32 = Debug|Win32
		Release|Win32 = Release|Win32
	EndGlobalSection
	GlobalSection(ProjectConfigurationPlatforms) = postSolution
		{ACD2F0EE-DC9D-B1E7-FB78-EACA2A6F12E8}.Debug|Win32.ActiveCfg = Debug|Win32
		{ACD2F0EE-DC9D-B1E7-FB78-EACA2A6F12E8}.Debug|Win32.Build.0 = Debug|Win32
		{ACD2F0EE-DC9D-B1E7-FB78-EACA2A6F12E8}.Release|Win32.ActiveCfg = Release|Win32
		{ACD2F0EE-DC9D-B1E7-FB78-EACA2A6F12E8}.Release|Win32.Build.0 = Release|Win32
	EndGlobalSection
	GlobalSection(SolutionProperties) = preSolution
		HideSolutionNode = FALSE
	EndGlobalSection
EndGlobal
