Microsoft Visual Studio Solution File, Format Version 11.00
# Visual Studio 2013
Project("{51994F11-D9F2-12DD-BA6D-795BF74044F6}") = "Chapter03_05", "Chapter03_05.vcxproj", "{FA27B4EB-A493-4B2D-00A5-BA4B4BA27FEF}"
EndProject
Global
	GlobalSection(SolutionConfigurationPlatforms) = preSolution
		Debug|Win32 = Debug|Win32
		Release|Win32 = Release|Win32
	EndGlobalSection
	GlobalSection(ProjectConfigurationPlatforms) = postSolution
		{FA27B4EB-A493-4B2D-00A5-BA4B4BA27FEF}.Debug|Win32.ActiveCfg = Debug|Win32
		{FA27B4EB-A493-4B2D-00A5-BA4B4BA27FEF}.Debug|Win32.Build.0 = Debug|Win32
		{FA27B4EB-A493-4B2D-00A5-BA4B4BA27FEF}.Release|Win32.ActiveCfg = Release|Win32
		{FA27B4EB-A493-4B2D-00A5-BA4B4BA27FEF}.Release|Win32.Build.0 = Release|Win32
	EndGlobalSection
	GlobalSection(SolutionProperties) = preSolution
		HideSolutionNode = FALSE
	EndGlobalSection
EndGlobal
