Microsoft Visual Studio Solution File, Format Version 11.00
# Visual Studio 2013
Project("{B543E326-3F7C-6CD0-2E39-B7564551B075}") = "Chapter02_07", "Chapter02_07.vcxproj", "{422FF9DA-F594-8C17-9504-7C8B6401BD92}"
EndProject
Global
	GlobalSection(SolutionConfigurationPlatforms) = preSolution
		Debug|Win32 = Debug|Win32
		Release|Win32 = Release|Win32
	EndGlobalSection
	GlobalSection(ProjectConfigurationPlatforms) = postSolution
		{422FF9DA-F594-8C17-9504-7C8B6401BD92}.Debug|Win32.ActiveCfg = Debug|Win32
		{422FF9DA-F594-8C17-9504-7C8B6401BD92}.Debug|Win32.Build.0 = Debug|Win32
		{422FF9DA-F594-8C17-9504-7C8B6401BD92}.Release|Win32.ActiveCfg = Release|Win32
		{422FF9DA-F594-8C17-9504-7C8B6401BD92}.Release|Win32.Build.0 = Release|Win32
	EndGlobalSection
	GlobalSection(SolutionProperties) = preSolution
		HideSolutionNode = FALSE
	EndGlobalSection
EndGlobal
