Microsoft Visual Studio Solution File, Format Version 11.00
# Visual Studio 2013
Project("{9DA73B05-F951-C5FD-FA7E-6FDC95A10740}") = "Tabs", "Tabs.vcxproj", "{18698AAF-5453-6C5A-27BD-B3CB3EE4A7F0}"
EndProject
Global
	GlobalSection(SolutionConfigurationPlatforms) = preSolution
		Debug|Win32 = Debug|Win32
		Release|Win32 = Release|Win32
	EndGlobalSection
	GlobalSection(ProjectConfigurationPlatforms) = postSolution
		{18698AAF-5453-6C5A-27BD-B3CB3EE4A7F0}.Debug|Win32.ActiveCfg = Debug|Win32
		{18698AAF-5453-6C5A-27BD-B3CB3EE4A7F0}.Debug|Win32.Build.0 = Debug|Win32
		{18698AAF-5453-6C5A-27BD-B3CB3EE4A7F0}.Release|Win32.ActiveCfg = Release|Win32
		{18698AAF-5453-6C5A-27BD-B3CB3EE4A7F0}.Release|Win32.Build.0 = Release|Win32
	EndGlobalSection
	GlobalSection(SolutionProperties) = preSolution
		HideSolutionNode = FALSE
	EndGlobalSection
EndGlobal
