Microsoft Visual Studio Solution File, Format Version 11.00
# Visual Studio 2013
Project("{65CDA878-D6E9-C8B6-3752-A47AF0126817}") = "Chapter05_02", "Chapter05_02.vcxproj", "{72B3B718-43B1-5075-86EC-82C19C3B5BF2}"
EndProject
Global
	GlobalSection(SolutionConfigurationPlatforms) = preSolution
		Debug|Win32 = Debug|Win32
		Release|Win32 = Release|Win32
	EndGlobalSection
	GlobalSection(ProjectConfigurationPlatforms) = postSolution
		{72B3B718-43B1-5075-86EC-82C19C3B5BF2}.Debug|Win32.ActiveCfg = Debug|Win32
		{72B3B718-43B1-5075-86EC-82C19C3B5BF2}.Debug|Win32.Build.0 = Debug|Win32
		{72B3B718-43B1-5075-86EC-82C19C3B5BF2}.Release|Win32.ActiveCfg = Release|Win32
		{72B3B718-43B1-5075-86EC-82C19C3B5BF2}.Release|Win32.Build.0 = Release|Win32
	EndGlobalSection
	GlobalSection(SolutionProperties) = preSolution
		HideSolutionNode = FALSE
	EndGlobalSection
EndGlobal
