Microsoft Visual Studio Solution File, Format Version 11.00
# Visual Studio 2013
Project("{4CC6A556-0B0A-F7D5-EA54-4D1439062E0A}") = "Chapter03_01", "Chapter03_01.vcxproj", "{8AF6286C-F5C9-779D-5ED0-6016DA0E10CD}"
EndProject
Global
	GlobalSection(SolutionConfigurationPlatforms) = preSolution
		Debug|Win32 = Debug|Win32
		Release|Win32 = Release|Win32
	EndGlobalSection
	GlobalSection(ProjectConfigurationPlatforms) = postSolution
		{8AF6286C-F5C9-779D-5ED0-6016DA0E10CD}.Debug|Win32.ActiveCfg = Debug|Win32
		{8AF6286C-F5C9-779D-5ED0-6016DA0E10CD}.Debug|Win32.Build.0 = Debug|Win32
		{8AF6286C-F5C9-779D-5ED0-6016DA0E10CD}.Release|Win32.ActiveCfg = Release|Win32
		{8AF6286C-F5C9-779D-5ED0-6016DA0E10CD}.Release|Win32.Build.0 = Release|Win32
	EndGlobalSection
	GlobalSection(SolutionProperties) = preSolution
		HideSolutionNode = FALSE
	EndGlobalSection
EndGlobal
