Microsoft Visual Studio Solution File, Format Version 11.00
# Visual Studio 2013
Project("{56F42F35-CE6B-62F8-FCDD-4BF2AA5BF561}") = "Chapter03_03", "Chapter03_03.vcxproj", "{763FD2DB-C64A-BE14-FE13-3E1C5CFFF2C0}"
EndProject
Global
	GlobalSection(SolutionConfigurationPlatforms) = preSolution
		Debug|Win32 = Debug|Win32
		Release|Win32 = Release|Win32
	EndGlobalSection
	GlobalSection(ProjectConfigurationPlatforms) = postSolution
		{763FD2DB-C64A-BE14-FE13-3E1C5CFFF2C0}.Debug|Win32.ActiveCfg = Debug|Win32
		{763FD2DB-C64A-BE14-FE13-3E1C5CFFF2C0}.Debug|Win32.Build.0 = Debug|Win32
		{763FD2DB-C64A-BE14-FE13-3E1C5CFFF2C0}.Release|Win32.ActiveCfg = Release|Win32
		{763FD2DB-C64A-BE14-FE13-3E1C5CFFF2C0}.Release|Win32.Build.0 = Release|Win32
	EndGlobalSection
	GlobalSection(SolutionProperties) = preSolution
		HideSolutionNode = FALSE
	EndGlobalSection
EndGlobal
